
Microsoft Visual Studio Solution File, Format Version 12.00
# Visual Studio Version 17
VisualStudioVersion = 17.11.35219.272
MinimumVisualStudioVersion = 10.0.40219.1
Project("{FAE04EC0-301F-11D3-BF4B-00C04F79EFBC}") = "AspEcommerce.Web", "AspEcommerce.Web\AspEcommerce.Web.csproj", "{FB0CB811-5B1F-4758-805C-094E4DF63FA4}"
EndProject
Project("{FAE04EC0-301F-11D3-BF4B-00C04F79EFBC}") = "AspEcommerce.Infrastructure", "AspEcommerce.Infrastructure\AspEcommerce.Infrastructure.csproj", "{2CC3684F-BB9F-4589-93B0-7CE373BD8D7B}"
EndProject
Project("{FAE04EC0-301F-11D3-BF4B-00C04F79EFBC}") = "AspEcommerce.Core", "AspEcommerce.Core\AspEcommerce.Core.csproj", "{36CD6C9D-EA78-4E7F-8B4C-603EDA8E4E3A}"
EndProject
Global
	GlobalSection(SolutionConfigurationPlatforms) = preSolution
		Debug|Any CPU = Debug|Any CPU
		Release|Any CPU = Release|Any CPU
	EndGlobalSection
	GlobalSection(ProjectConfigurationPlatforms) = postSolution
		{FB0CB811-5B1F-4758-805C-094E4DF63FA4}.Debug|Any CPU.ActiveCfg = Debug|Any CPU
		{FB0CB811-5B1F-4758-805C-094E4DF63FA4}.Debug|Any CPU.Build.0 = Debug|Any CPU
		{FB0CB811-5B1F-4758-805C-094E4DF63FA4}.Release|Any CPU.ActiveCfg = Release|Any CPU
		{FB0CB811-5B1F-4758-805C-094E4DF63FA4}.Release|Any CPU.Build.0 = Release|Any CPU
		{2CC3684F-BB9F-4589-93B0-7CE373BD8D7B}.Debug|Any CPU.ActiveCfg = Debug|Any CPU
		{2CC3684F-BB9F-4589-93B0-7CE373BD8D7B}.Debug|Any CPU.Build.0 = Debug|Any CPU
		{2CC3684F-BB9F-4589-93B0-7CE373BD8D7B}.Release|Any CPU.ActiveCfg = Release|Any CPU
		{2CC3684F-BB9F-4589-93B0-7CE373BD8D7B}.Release|Any CPU.Build.0 = Release|Any CPU
		{36CD6C9D-EA78-4E7F-8B4C-603EDA8E4E3A}.Debug|Any CPU.ActiveCfg = Debug|Any CPU
		{36CD6C9D-EA78-4E7F-8B4C-603EDA8E4E3A}.Debug|Any CPU.Build.0 = Debug|Any CPU
		{36CD6C9D-EA78-4E7F-8B4C-603EDA8E4E3A}.Release|Any CPU.ActiveCfg = Release|Any CPU
		{36CD6C9D-EA78-4E7F-8B4C-603EDA8E4E3A}.Release|Any CPU.Build.0 = Release|Any CPU
	EndGlobalSection
	GlobalSection(SolutionProperties) = preSolution
		HideSolutionNode = FALSE
	EndGlobalSection
	GlobalSection(ExtensibilityGlobals) = postSolution
		SolutionGuid = {3B5B117C-A9F7-43B9-A00D-ACF1103A0608}
	EndGlobalSection
EndGlobal
